
Microsoft Visual Studio Solution File, Format Version 12.00
# Visual Studio Version 17
VisualStudioVersion = 17.6.33815.320
MinimumVisualStudioVersion = 10.0.40219.1
Project("{9A19103F-16F7-4668-BE54-9A1E7A4F7556}") = "H2XC", "H2XC.csproj", "{74D2CC41-7A21-4E5E-B5A6-0AF53A43AF2D}"
EndProject
Global
	GlobalSection(SolutionConfigurationPlatforms) = preSolution
		Debug|Any CPU = Debug|Any CPU
		Release|Any CPU = Release|Any CPU
	EndGlobalSection
	GlobalSection(ProjectConfigurationPlatforms) = postSolution
		{74D2CC41-7A21-4E5E-B5A6-0AF53A43AF2D}.Debug|Any CPU.ActiveCfg = Debug|Any CPU
		{74D2CC41-7A21-4E5E-B5A6-0AF53A43AF2D}.Debug|Any CPU.Build.0 = Debug|Any CPU
		{74D2CC41-7A21-4E5E-B5A6-0AF53A43AF2D}.Release|Any CPU.ActiveCfg = Release|Any CPU
		{74D2CC41-7A21-4E5E-B5A6-0AF53A43AF2D}.Release|Any CPU.Build.0 = Release|Any CPU
	EndGlobalSection
	GlobalSection(SolutionProperties) = preSolution
		HideSolutionNode = FALSE
	EndGlobalSection
	GlobalSection(ExtensibilityGlobals) = postSolution
		SolutionGuid = {09A08BFE-E4CF-4125-93BD-44D4BC95C939}
	EndGlobalSection
EndGlobal
